{
  "nodes": {
    "devshell": {
      "locked": {
        "lastModified": 1613641255,
        "narHash": "sha256-iSvjFK4WYAKhuXCCtkY7uy/cFQTzS3D3Ml5WZqjEfL0=",
        "owner": "numtide",
        "repo": "devshell",
        "rev": "ff6cffba08600f5b7b43f398fcb58bef023bc4c4",
        "type": "github"
      },
      "original": {
        "owner": "numtide",
        "ref": "master",
        "repo": "devshell",
        "type": "github"
      }
    },
    "easy-ps": {
      "flake": false,
      "locked": {
        "lastModified": 1614300071,
        "narHash": "sha256-1ireJXUxS36e7QNc6A4/AKL72N6gvTfLyzEb9AXIYjo=",
        "owner": "justinwoo",
        "repo": "easy-purescript-nix",
        "rev": "3b4039475c245243716b1e922455a9062c0531da",
        "type": "github"
      },
      "original": {
        "owner": "justinwoo",
        "ref": "master",
        "repo": "easy-purescript-nix",
        "type": "github"
      }
    },
    "flake-compat": {
      "flake": false,
      "locked": {
        "lastModified": 1606424373,
        "narHash": "sha256-oq8d4//CJOrVj+EcOaSXvMebvuTkmBJuT5tzlfewUnQ=",
        "owner": "edolstra",
        "repo": "flake-compat",
        "rev": "99f1c2157fba4bfe6211a321fd0ee43199025dbf",
        "type": "github"
      },
      "original": {
        "owner": "edolstra",
        "repo": "flake-compat",
        "type": "github"
      }
    },
    "flake-utils": {
      "locked": {
        "lastModified": 1614513358,
        "narHash": "sha256-LakhOx3S1dRjnh0b5Dg3mbZyH0ToC9I8Y2wKSkBaTzU=",
        "owner": "numtide",
        "repo": "flake-utils",
        "rev": "5466c5bbece17adaab2d82fae80b46e807611bf3",
        "type": "github"
      },
      "original": {
        "owner": "numtide",
        "ref": "master",
        "repo": "flake-utils",
        "type": "github"
      }
    },
    "nixpkgs": {
      "locked": {
        "lastModified": 1615666330,
        "narHash": "sha256-HGB/XKLYj9sXxHsHglVAkbc0/c0YV4sjcfq/y01+xWQ=",
        "owner": "nixos",
        "repo": "nixpkgs",
        "rev": "312390ca50c87ef93c3d7661791ea546e79d2b76",
        "type": "github"
      },
      "original": {
        "owner": "nixos",
        "repo": "nixpkgs",
        "type": "github"
      }
    },
    "root": {
      "inputs": {
        "devshell": "devshell",
        "easy-ps": "easy-ps",
        "flake-compat": "flake-compat",
        "flake-utils": "flake-utils",
        "nixpkgs": "nixpkgs"
      }
    }
  },
  "root": "root",
  "version": 7
}
